
Microsoft Visual Studio Solution File, Format Version 12.00
# Visual Studio Version 17
VisualStudioVersion = 17.9.34616.47
MinimumVisualStudioVersion = 10.0.40219.1
Project("{9A19103F-16F7-4668-BE54-9A1E7A4F7556}") = "VeadoCamp", "VeadoCamp.csproj", "{452A2CEF-A9A7-4293-BF11-D1E4E89E359F}"
EndProject
Project("{9A19103F-16F7-4668-BE54-9A1E7A4F7556}") = "BleatCanAPI", "..\BleatCanAPI\BleatCanAPI.csproj", "{59666491-9D21-423B-A06F-93EDDBB44E01}"
EndProject
Global
	GlobalSection(SolutionConfigurationPlatforms) = preSolution
		Debug|Any CPU = Debug|Any CPU
		Release|Any CPU = Release|Any CPU
	EndGlobalSection
	GlobalSection(ProjectConfigurationPlatforms) = postSolution
		{452A2CEF-A9A7-4293-BF11-D1E4E89E359F}.Debug|Any CPU.ActiveCfg = Debug|Any CPU
		{452A2CEF-A9A7-4293-BF11-D1E4E89E359F}.Debug|Any CPU.Build.0 = Debug|Any CPU
		{452A2CEF-A9A7-4293-BF11-D1E4E89E359F}.Release|Any CPU.ActiveCfg = Release|Any CPU
		{452A2CEF-A9A7-4293-BF11-D1E4E89E359F}.Release|Any CPU.Build.0 = Release|Any CPU
		{59666491-9D21-423B-A06F-93EDDBB44E01}.Debug|Any CPU.ActiveCfg = Debug|Any CPU
		{59666491-9D21-423B-A06F-93EDDBB44E01}.Debug|Any CPU.Build.0 = Debug|Any CPU
		{59666491-9D21-423B-A06F-93EDDBB44E01}.Release|Any CPU.ActiveCfg = Release|Any CPU
		{59666491-9D21-423B-A06F-93EDDBB44E01}.Release|Any CPU.Build.0 = Release|Any CPU
	EndGlobalSection
	GlobalSection(SolutionProperties) = preSolution
		HideSolutionNode = FALSE
	EndGlobalSection
	GlobalSection(ExtensibilityGlobals) = postSolution
		SolutionGuid = {81F8B8B9-BA40-41ED-98E3-C316C3147369}
	EndGlobalSection
EndGlobal
